
Microsoft Visual Studio Solution File, Format Version 12.00
# Visual Studio Version 17
VisualStudioVersion = 17.5.33424.131
MinimumVisualStudioVersion = 10.0.40219.1
Project("{FAE04EC0-301F-11D3-BF4B-00C04F79EFBC}") = "WindowsFormsApp1", "WindowsFormsApp1\WindowsFormsApp1.csproj", "{740AF493-364F-4C36-88F1-83C522CDD925}"
EndProject
Global
	GlobalSection(SolutionConfigurationPlatforms) = preSolution
		Debug|Any CPU = Debug|Any CPU
		Release|Any CPU = Release|Any CPU
	EndGlobalSection
	GlobalSection(ProjectConfigurationPlatforms) = postSolution
		{740AF493-364F-4C36-88F1-83C522CDD925}.Debug|Any CPU.ActiveCfg = Debug|Any CPU
		{740AF493-364F-4C36-88F1-83C522CDD925}.Debug|Any CPU.Build.0 = Debug|Any CPU
		{740AF493-364F-4C36-88F1-83C522CDD925}.Release|Any CPU.ActiveCfg = Release|Any CPU
		{740AF493-364F-4C36-88F1-83C522CDD925}.Release|Any CPU.Build.0 = Release|Any CPU
	EndGlobalSection
	GlobalSection(SolutionProperties) = preSolution
		HideSolutionNode = FALSE
	EndGlobalSection
	GlobalSection(ExtensibilityGlobals) = postSolution
		SolutionGuid = {CFB9D177-E710-4B77-8895-CE13DC8FEF5E}
	EndGlobalSection
EndGlobal
